schema: '2.0'
stages:
  prepare:
    cmd: python src/preparing.py
    deps:
    - path: src/preparing.py
      hash: md5
      md5: 0c844fc70736ca3aeb5b301727de114f
      size: 1467
  training:
    cmd: python src/trainig.py
    deps:
    - path: data/Dry_Bean.csv
      hash: md5
      md5: 855fb60c70627c7c75b7b6d56aff99e0
      size: 2484758
